// !$*UTF8*$!
{
	archiveVersion = 1;
	classes = {
	};
	objectVersion = 50;
	objects = {

/* Begin PBXBuildFile section */
		44BCD596258763BC00B7FFAF /* AppDelegate.swift in Sources */ = {isa = PBXBuildFile; fileRef = 44BCD595258763BC00B7FFAF /* AppDelegate.swift */; };
		44BCD598258763BC00B7FFAF /* SceneDelegate.swift in Sources */ = {isa = PBXBuildFile; fileRef = 44BCD597258763BC00B7FFAF /* SceneDelegate.swift */; };
		44BCD59A258763BC00B7FFAF /* ViewController.swift in Sources */ = {isa = PBXBuildFile; fileRef = 44BCD599258763BC00B7FFAF /* ViewController.swift */; };
		44BCD59D258763BC00B7FFAF /* Main.storyboard in Resources */ = {isa = PBXBuildFile; fileRef = 44BCD59B258763BC00B7FFAF /* Main.storyboard */; };
		44BCD59F258763C000B7FFAF /* Assets.xcassets in Resources */ = {isa = PBXBuildFile; fileRef = 44BCD59E258763C000B7FFAF /* Assets.xcassets */; };
		44BCD5A2258763C000B7FFAF /* LaunchScreen.storyboard in Resources */ = {isa = PBXBuildFile; fileRef = 44BCD5A0258763C000B7FFAF /* LaunchScreen.storyboard */; };
/* End PBXBuildFile section */

/* Begin PBXFileReference section */
		44BCD592258763BC00B7FFAF /* InstagramLIke.app */ = {isa = PBXFileReference; explicitFileType = wrapper.application; includeInIndex = 0; path = InstagramLIke.app; sourceTree = BUILT_PRODUCTS_DIR; };
		44BCD595258763BC00B7FFAF /* AppDelegate.swift */ = {isa = PBXFileReference; lastKnownFileType = sourcecode.swift; path = AppDelegate.swift; sourceTree = "<group>"; };
		44BCD597258763BC00B7FFAF /* SceneDelegate.swift */ = {isa = PBXFileReference; lastKnownFileType = sourcecode.swift; path = SceneDelegate.swift; sourceTree = "<group>"; };
		44BCD599258763BC00B7FFAF /* ViewController.swift */ = {isa = PBXFileReference; lastKnownFileType = sourcecode.swift; path = ViewController.swift; sourceTree = "<group>"; };
		44BCD59C258763BC00B7FFAF /* Base */ = {isa = PBXFileReference; lastKnownFileType = file.storyboard; name = Base; path = Base.lproj/Main.storyboard; sourceTree = "<group>"; };
		44BCD59E258763C000B7FFAF /* Assets.xcassets */ = {isa = PBXFileReference; lastKnownFileType = folder.assetcatalog; path = Assets.xcassets; sourceTree = "<group>"; };
		44BCD5A1258763C000B7FFAF /* Base */ = {isa = PBXFileReference; lastKnownFileType = file.storyboard; name = Base; path = Base.lproj/LaunchScreen.storyboard; sourceTree = "<group>"; };
		44BCD5A3258763C000B7FFAF /* Info.plist */ = {isa = PBXFileReference; lastKnownFileType = text.plist.xml; path = Info.plist; sourceTree = "<group>"; };
/* End PBXFileReference section */

/* Begin PBXFrameworksBuildPhase section */
		44BCD58F258763BC00B7FFAF /* Frameworks */ = {
			isa = PBXFrameworksBuildPhase;
			buildActionMask = 2147483647;
			files = (
			);
			runOnlyForDeploymentPostprocessing = 0;
		};
/* End PBXFrameworksBuildPhase section */

/* Begin PBXGroup section */
		44BCD589258763BC00B7FFAF = {
			isa = PBXGroup;
			children = (
				44BCD594258763BC00B7FFAF /* InstagramLIke */,
				44BCD593258763BC00B7FFAF /* Products */,
			);
			sourceTree = "<group>";
		};
		44BCD593258763BC00B7FFAF /* Products */ = {
			isa = PBXGroup;
			children = (
				44BCD592258763BC00B7FFAF /* InstagramLIke.app */,
			);
			name = Products;
			sourceTree = "<group>";
		};
		44BCD594258763BC00B7FFAF /* InstagramLIke */ = {
			isa = PBXGroup;
			children = (
				44BCD595258763BC00B7FFAF /* AppDelegate.swift */,
				44BCD597258763BC00B7FFAF /* SceneDelegate.swift */,
				44BCD599258763BC00B7FFAF /* ViewController.swift */,
				44BCD59B258763BC00B7FFAF /* Main.storyboard */,
				44BCD59E258763C000B7FFAF /* Assets.xcassets */,
				44BCD5A0258763C000B7FFAF /* LaunchScreen.storyboard */,
				44BCD5A3258763C000B7FFAF /* Info.plist */,
			);
			path = InstagramLIke;
			sourceTree = "<group>";
		};
/* End PBXGroup section */

/* Begin PBXNativeTarget section */
		44BCD591258763BC00B7FFAF /* InstagramLIke */ = {
			isa = PBXNativeTarget;
			buildConfigurationList = 44BCD5A6258763C000B7FFAF /* Build configuration list for PBXNativeTarget "InstagramLIke" */;
			buildPhases = (
				44BCD58E258763BC00B7FFAF /* Sources */,
				44BCD58F258763BC00B7FFAF /* Frameworks */,
				44BCD590258763BC00B7FFAF /* Resources */,
			);
			buildRules = (
			);
			dependencies = (
			);
			name = InstagramLIke;
			productName = InstagramLIke;
			productReference = 44BCD592258763BC00B7FFAF /* InstagramLIke.app */;
			productType = "com.apple.product-type.application";
		};
/* End PBXNativeTarget section */

/* Begin PBXProject section */
		44BCD58A258763BC00B7FFAF /* Project object */ = {
			isa = PBXProject;
			attributes = {
				LastSwiftUpdateCheck = 1220;
				LastUpgradeCheck = 1220;
				TargetAttributes = {
					44BCD591258763BC00B7FFAF = {
						CreatedOnToolsVersion = 12.2;
					};
				};
			};
			buildConfigurationList = 44BCD58D258763BC00B7FFAF /* Build configuration list for PBXProject "InstagramLIke" */;
			compatibilityVersion = "Xcode 9.3";
			developmentRegion = en;
			hasScannedForEncodings = 0;
			knownRegions = (
				en,
				Base,
			);
			mainGroup = 44BCD589258763BC00B7FFAF;
			productRefGroup = 44BCD593258763BC00B7FFAF /* Products */;
			projectDirPath = "";
			projectRoot = "";
			targets = (
				44BCD591258763BC00B7FFAF /* InstagramLIke */,
			);
		};
/* End PBXProject section */

/* Begin PBXResourcesBuildPhase section */
		44BCD590258763BC00B7FFAF /* Resources */ = {
			isa = PBXResourcesBuildPhase;
			buildActionMask = 2147483647;
			files = (
				44BCD5A2258763C000B7FFAF /* LaunchScreen.storyboard in Resources */,
				44BCD59F258763C000B7FFAF /* Assets.xcassets in Resources */,
				44BCD59D258763BC00B7FFAF /* Main.storyboard in Resources */,
			);
			runOnlyForDeploymentPostprocessing = 0;
		};
/* End PBXResourcesBuildPhase section */

/* Begin PBXSourcesBuildPhase section */
		44BCD58E258763BC00B7FFAF /* Sources */ = {
			isa = PBXSourcesBuildPhase;
			buildActionMask = 2147483647;
			files = (
				44BCD59A258763BC00B7FFAF /* ViewController.swift in Sources */,
				44BCD596258763BC00B7FFAF /* AppDelegate.swift in Sources */,
				44BCD598258763BC00B7FFAF /* SceneDelegate.swift in Sources */,
			);
			runOnlyForDeploymentPostprocessing = 0;
		};
/* End PBXSourcesBuildPhase section */

/* Begin PBXVariantGroup section */
		44BCD59B258763BC00B7FFAF /* Main.storyboard */ = {
			isa = PBXVariantGroup;
			children = (
				44BCD59C258763BC00B7FFAF /* Base */,
			);
			name = Main.storyboard;
			sourceTree = "<group>";
		};
		44BCD5A0258763C000B7FFAF /* LaunchScreen.storyboard */ = {
			isa = PBXVariantGroup;
			children = (
				44BCD5A1258763C000B7FFAF /* Base */,
			);
			name = LaunchScreen.storyboard;
			sourceTree = "<group>";
		};
/* End PBXVariantGroup section */

/* Begin XCBuildConfiguration section */
		44BCD5A4258763C000B7FFAF /* Debug */ = {
			isa = XCBuildConfiguration;
			buildSettings = {
				ALWAYS_SEARCH_USER_PATHS = NO;
				CLANG_ANALYZER_NONNULL = YES;
				CLANG_ANALYZER_NUMBER_OBJECT_CONVERSION = YES_AGGRESSIVE;
				CLANG_CXX_LANGUAGE_STANDARD = "gnu++14";
				CLANG_CXX_LIBRARY = "libc++";
				CLANG_ENABLE_MODULES = YES;
				CLANG_ENABLE_OBJC_ARC = YES;
				CLANG_ENABLE_OBJC_WEAK = YES;
				CLANG_WARN_BLOCK_CAPTURE_AUTORELEASING = YES;
				CLANG_WARN_BOOL_CONVERSION = YES;
				CLANG_WARN_COMMA = YES;
				CLANG_WARN_CONSTANT_CONVERSION = YES;
				CLANG_WARN_DEPRECATED_OBJC_IMPLEMENTATIONS = YES;
				CLANG_WARN_DIRECT_OBJC_ISA_USAGE = YES_ERROR;
				CLANG_WARN_DOCUMENTATION_COMMENTS = YES;
				CLANG_WARN_EMPTY_BODY = YES;
				CLANG_WARN_ENUM_CONVERSION = YES;
				CLANG_WARN_INFINITE_RECURSION = YES;
				CLANG_WARN_INT_CONVERSION = YES;
				CLANG_WARN_NON_LITERAL_NULL_CONVERSION = YES;
				CLANG_WARN_OBJC_IMPLICIT_RETAIN_SELF = YES;
				CLANG_WARN_OBJC_LITERAL_CONVERSION = YES;
				CLANG_WARN_OBJC_ROOT_CLASS = YES_ERROR;
				CLANG_WARN_QUOTED_INCLUDE_IN_FRAMEWORK_HEADER = YES;
				CLANG_WARN_RANGE_LOOP_ANALYSIS = YES;
				CLANG_WARN_STRICT_PROTOTYPES = YES;
				CLANG_WARN_SUSPICIOUS_MOVE = YES;
				CLANG_WARN_UNGUARDED_AVAILABILITY = YES_AGGRESSIVE;
				CLANG_WARN_UNREACHABLE_CODE = YES;
				CLANG_WARN__DUPLICATE_METHOD_MATCH = YES;
				COPY_PHASE_STRIP = NO;
				DEBUG_INFORMATION_FORMAT = dwarf;
				ENABLE_STRICT_OBJC_MSGSEND = YES;
				ENABLE_TESTABILITY = YES;
				GCC_C_LANGUAGE_STANDARD = gnu11;
				GCC_DYNAMIC_NO_PIC = NO;
				GCC_NO_COMMON_BLOCKS = YES;
				GCC_OPTIMIZATION_LEVEL = 0;
				GCC_PREPROCESSOR_DEFINITIONS = (
					"DEBUG=1",
					"$(inherited)",
				);
				GCC_WARN_64_TO_32_BIT_CONVERSION = YES;
				GCC_WARN_ABOUT_RETURN_TYPE = YES_ERROR;
				GCC_WARN_UNDECLARED_SELECTOR = YES;
				GCC_WARN_UNINITIALIZED_AUTOS = YES_AGGRESSIVE;
				GCC_WARN_UNUSED_FUNCTION = YES;
				GCC_WARN_UNUSED_VARIABLE = YES;
				IPHONEOS_DEPLOYMENT_TARGET = 14.2;
				MTL_ENABLE_DEBUG_INFO = INCLUDE_SOURCE;
				MTL_FAST_MATH = YES;
				ONLY_ACTIVE_ARCH = YES;
				SDKROOT = iphoneos;
				SWIFT_ACTIVE_COMPILATION_CONDITIONS = DEBUG;
				SWIFT_OPTIMIZATION_LEVEL = "-Onone";
			};
			name = Debug;
		};
		44BCD5A5258763C000B7FFAF /* Release */ = {
			isa = XCBuildConfiguration;
			buildSettings = {
				ALWAYS_SEARCH_USER_PATHS = NO;
				CLANG_ANALYZER_NONNULL = YES;
				CLANG_ANALYZER_NUMBER_OBJECT_CONVERSION = YES_AGGRESSIVE;
				CLANG_CXX_LANGUAGE_STANDARD = "gnu++14";
				CLANG_CXX_LIBRARY = "libc++";
				CLANG_ENABLE_MODULES = YES;
				CLANG_ENABLE_OBJC_ARC = YES;
				CLANG_ENABLE_OBJC_WEAK = YES;
				CLANG_WARN_BLOCK_CAPTURE_AUTORELEASING = YES;
				CLANG_WARN_BOOL_CONVERSION = YES;
				CLANG_WARN_COMMA = YES;
				CLANG_WARN_CONSTANT_CONVERSION = YES;
				CLANG_WARN_DEPRECATED_OBJC_IMPLEMENTATIONS = YES;
				CLANG_WARN_DIRECT_OBJC_ISA_USAGE = YES_ERROR;
				CLANG_WARN_DOCUMENTATION_COMMENTS = YES;
				CLANG_WARN_EMPTY_BODY = YES;
				CLANG_WARN_ENUM_CONVERSION = YES;
				CLANG_WARN_INFINITE_RECURSION = YES;
				CLANG_WARN_INT_CONVERSION = YES;
				CLANG_WARN_NON_LITERAL_NULL_CONVERSION = YES;
				CLANG_WARN_OBJC_IMPLICIT_RETAIN_SELF = YES;
				CLANG_WARN_OBJC_LITERAL_CONVERSION = YES;
				CLANG_WARN_OBJC_ROOT_CLASS = YES_ERROR;
				CLANG_WARN_QUOTED_INCLUDE_IN_FRAMEWORK_HEADER = YES;
				CLANG_WARN_RANGE_LOOP_ANALYSIS = YES;
				CLANG_WARN_STRICT_PROTOTYPES = YES;
				CLANG_WARN_SUSPICIOUS_MOVE = YES;
				CLANG_WARN_UNGUARDED_AVAILABILITY = YES_AGGRESSIVE;
				CLANG_WARN_UNREACHABLE_CODE = YES;
				CLANG_WARN__DUPLICATE_METHOD_MATCH = YES;
				COPY_PHASE_STRIP = NO;
				DEBUG_INFORMATION_FORMAT = "dwarf-with-dsym";
				ENABLE_NS_ASSERTIONS = NO;
				ENABLE_STRICT_OBJC_MSGSEND = YES;
				GCC_C_LANGUAGE_STANDARD = gnu11;
				GCC_NO_COMMON_BLOCKS = YES;
				GCC_WARN_64_TO_32_BIT_CONVERSION = YES;
				GCC_WARN_ABOUT_RETURN_TYPE = YES_ERROR;
				GCC_WARN_UNDECLARED_SELECTOR = YES;
				GCC_WARN_UNINITIALIZED_AUTOS = YES_AGGRESSIVE;
				GCC_WARN_UNUSED_FUNCTION = YES;
				GCC_WARN_UNUSED_VARIABLE = YES;
				IPHONEOS_DEPLOYMENT_TARGET = 14.2;
				MTL_ENABLE_DEBUG_INFO = NO;
				MTL_FAST_MATH = YES;
				SDKROOT = iphoneos;
				SWIFT_COMPILATION_MODE = wholemodule;
				SWIFT_OPTIMIZATION_LEVEL = "-O";
				VALIDATE_PRODUCT = YES;
			};
			name = Release;
		};
		44BCD5A7258763C000B7FFAF /* Debug */ = {
			isa = XCBuildConfiguration;
			buildSettings = {
				ASSETCATALOG_COMPILER_APPICON_NAME = AppIcon;
				ASSETCATALOG_COMPILER_GLOBAL_ACCENT_COLOR_NAME = AccentColor;
				CODE_SIGN_STYLE = Automatic;
				INFOPLIST_FILE = InstagramLIke/Info.plist;
				LD_RUNPATH_SEARCH_PATHS = (
					"$(inherited)",
					"@executable_path/Frameworks",
				);
				PRODUCT_BUNDLE_IDENTIFIER = "Masanao-Imai.InstagramLIke";
				PRODUCT_NAME = "$(TARGET_NAME)";
				SWIFT_VERSION = 5.0;
				TARGETED_DEVICE_FAMILY = "1,2";
			};
			name = Debug;
		};
		44BCD5A8258763C000B7FFAF /* Release */ = {
			isa = XCBuildConfiguration;
			buildSettings = {
				ASSETCATALOG_COMPILER_APPICON_NAME = AppIcon;
				ASSETCATALOG_COMPILER_GLOBAL_ACCENT_COLOR_NAME = AccentColor;
				CODE_SIGN_STYLE = Automatic;
				INFOPLIST_FILE = InstagramLIke/Info.plist;
				LD_RUNPATH_SEARCH_PATHS = (
					"$(inherited)",
					"@executable_path/Frameworks",
				);
				PRODUCT_BUNDLE_IDENTIFIER = "Masanao-Imai.InstagramLIke";
				PRODUCT_NAME = "$(TARGET_NAME)";
				SWIFT_VERSION = 5.0;
				TARGETED_DEVICE_FAMILY = "1,2";
			};
			name = Release;
		};
/* End XCBuildConfiguration section */

/* Begin XCConfigurationList section */
		44BCD58D258763BC00B7FFAF /* Build configuration list for PBXProject "InstagramLIke" */ = {
			isa = XCConfigurationList;
			buildConfigurations = (
				44BCD5A4258763C000B7FFAF /* Debug */,
				44BCD5A5258763C000B7FFAF /* Release */,
			);
			defaultConfigurationIsVisible = 0;
			defaultConfigurationName = Release;
		};
		44BCD5A6258763C000B7FFAF /* Build configuration list for PBXNativeTarget "InstagramLIke" */ = {
			isa = XCConfigurationList;
			buildConfigurations = (
				44BCD5A7258763C000B7FFAF /* Debug */,
				44BCD5A8258763C000B7FFAF /* Release */,
			);
			defaultConfigurationIsVisible = 0;
			defaultConfigurationName = Release;
		};
/* End XCConfigurationList section */
	};
	rootObject = 44BCD58A258763BC00B7FFAF /* Project object */;
}
